
Microsoft Visual Studio Solution File, Format Version 12.00
Project("{FAE04EC0-301F-11D3-BF4B-00C04F79EFBC}") = "Birch", "Birch\Birch.csproj", "{971060D9-B312-401F-8CA9-E9E573C72CB1}"
EndProject
Project("{FAE04EC0-301F-11D3-BF4B-00C04F79EFBC}") = "Birch.Desktop", "Birch.Desktop\Birch.Desktop.csproj", "{77282258-2F14-44F5-8AA2-C9B6054717AA}"
EndProject
Project("{2150E333-8FDC-42A3-9474-1A3956D46DE8}") = "Examples", "Examples", "{9072C3DB-9A40-47AD-9DA6-F4D8A3002A7A}"
EndProject
Project("{2150E333-8FDC-42A3-9474-1A3956D46DE8}") = "Y2048", "Y2048", "{2F74DE9F-B0B8-4E9C-B26D-4BB3CD7D92D7}"
EndProject
Project("{FAE04EC0-301F-11D3-BF4B-00C04F79EFBC}") = "Y2048.Core", "Y2048.Core\Y2048.Core.csproj", "{23C6DE1C-A717-457C-8E44-8A24348887FD}"
EndProject
Project("{FAE04EC0-301F-11D3-BF4B-00C04F79EFBC}") = "Y2048.Desktop", "Y2048.Desktop\Y2048.Desktop.csproj", "{61A94D57-DE6E-4ECD-A1F6-51FA3B49C5DA}"
EndProject
Project("{FAE04EC0-301F-11D3-BF4B-00C04F79EFBC}") = "Y2048.Android", "Y2048.Android\Y2048.Android.csproj", "{249DB17C-D7B7-5944-A621-A29FCCADF130}"
EndProject
Project("{2150E333-8FDC-42A3-9474-1A3956D46DE8}") = "Modules", "Modules", "{5994E3E8-D12B-490F-9064-2B685C205BDC}"
EndProject
Project("{FAE04EC0-301F-11D3-BF4B-00C04F79EFBC}") = "Birch.Physics.Box2D", "Modules\Physics\Birch.Physics.Box2D\Birch.Physics.Box2D.csproj", "{A11F442E-52ED-4B68-B416-0AC95AF093BD}"
EndProject
Project("{FAE04EC0-301F-11D3-BF4B-00C04F79EFBC}") = "Box2D.NetStandard", "Modules\Physics\Box2D.NetStandard\Box2D.NetStandard.csproj", "{44FCA88A-895E-421F-8118-1E56A6175CF4}"
EndProject
Project("{2150E333-8FDC-42A3-9474-1A3956D46DE8}") = "Physics", "Physics", "{9C0AD975-6112-4A6E-9007-158A6D53E5D0}"
EndProject
Project("{FAE04EC0-301F-11D3-BF4B-00C04F79EFBC}") = "Birch.Android", "Birch.Android\Birch.Android.csproj", "{02837138-1510-4132-BDF0-36DEB2EC4AFA}"
EndProject
Global
	GlobalSection(SolutionConfigurationPlatforms) = preSolution
		Debug|Any CPU = Debug|Any CPU
		Release|Any CPU = Release|Any CPU
	EndGlobalSection
	GlobalSection(ProjectConfigurationPlatforms) = postSolution
		{971060D9-B312-401F-8CA9-E9E573C72CB1}.Debug|Any CPU.ActiveCfg = Debug|Any CPU
		{971060D9-B312-401F-8CA9-E9E573C72CB1}.Debug|Any CPU.Build.0 = Debug|Any CPU
		{971060D9-B312-401F-8CA9-E9E573C72CB1}.Release|Any CPU.ActiveCfg = Release|Any CPU
		{971060D9-B312-401F-8CA9-E9E573C72CB1}.Release|Any CPU.Build.0 = Release|Any CPU
		{77282258-2F14-44F5-8AA2-C9B6054717AA}.Debug|Any CPU.ActiveCfg = Debug|Any CPU
		{77282258-2F14-44F5-8AA2-C9B6054717AA}.Debug|Any CPU.Build.0 = Debug|Any CPU
		{77282258-2F14-44F5-8AA2-C9B6054717AA}.Release|Any CPU.ActiveCfg = Release|Any CPU
		{77282258-2F14-44F5-8AA2-C9B6054717AA}.Release|Any CPU.Build.0 = Release|Any CPU

		{249DB17C-D7B7-5944-A621-A29FCCADF130}.Debug|Any CPU.ActiveCfg = Debug|Any CPU
		{249DB17C-D7B7-5944-A621-A29FCCADF130}.Debug|Any CPU.Build.0 = Debug|Any CPU
		{249DB17C-D7B7-5944-A621-A29FCCADF130}.Debug|Any CPU.Deploy.0 = Debug|Any CPU
		{249DB17C-D7B7-5944-A621-A29FCCADF130}.Release|Any CPU.ActiveCfg = Release|Any CPU
		{249DB17C-D7B7-5944-A621-A29FCCADF130}.Release|Any CPU.Build.0 = Release|Any CPU
		{249DB17C-D7B7-5944-A621-A29FCCADF130}.Release|Any CPU.Deploy.0 = Release|Any CPU

		{23C6DE1C-A717-457C-8E44-8A24348887FD}.Debug|Any CPU.ActiveCfg = Debug|Any CPU
		{23C6DE1C-A717-457C-8E44-8A24348887FD}.Debug|Any CPU.Build.0 = Debug|Any CPU
		{23C6DE1C-A717-457C-8E44-8A24348887FD}.Release|Any CPU.ActiveCfg = Release|Any CPU
		{23C6DE1C-A717-457C-8E44-8A24348887FD}.Release|Any CPU.Build.0 = Release|Any CPU
		{61A94D57-DE6E-4ECD-A1F6-51FA3B49C5DA}.Debug|Any CPU.ActiveCfg = Debug|Any CPU
		{61A94D57-DE6E-4ECD-A1F6-51FA3B49C5DA}.Debug|Any CPU.Build.0 = Debug|Any CPU
		{61A94D57-DE6E-4ECD-A1F6-51FA3B49C5DA}.Release|Any CPU.ActiveCfg = Release|Any CPU
		{61A94D57-DE6E-4ECD-A1F6-51FA3B49C5DA}.Release|Any CPU.Build.0 = Release|Any CPU
		{A11F442E-52ED-4B68-B416-0AC95AF093BD}.Debug|Any CPU.ActiveCfg = Debug|Any CPU
		{A11F442E-52ED-4B68-B416-0AC95AF093BD}.Debug|Any CPU.Build.0 = Debug|Any CPU
		{A11F442E-52ED-4B68-B416-0AC95AF093BD}.Release|Any CPU.ActiveCfg = Release|Any CPU
		{A11F442E-52ED-4B68-B416-0AC95AF093BD}.Release|Any CPU.Build.0 = Release|Any CPU
		{44FCA88A-895E-421F-8118-1E56A6175CF4}.Debug|Any CPU.ActiveCfg = Debug|Any CPU
		{44FCA88A-895E-421F-8118-1E56A6175CF4}.Debug|Any CPU.Build.0 = Debug|Any CPU
		{44FCA88A-895E-421F-8118-1E56A6175CF4}.Release|Any CPU.ActiveCfg = Release|Any CPU
		{44FCA88A-895E-421F-8118-1E56A6175CF4}.Release|Any CPU.Build.0 = Release|Any CPU
		{02837138-1510-4132-BDF0-36DEB2EC4AFA}.Debug|Any CPU.ActiveCfg = Debug|Any CPU
		{02837138-1510-4132-BDF0-36DEB2EC4AFA}.Debug|Any CPU.Build.0 = Debug|Any CPU
		{02837138-1510-4132-BDF0-36DEB2EC4AFA}.Release|Any CPU.ActiveCfg = Release|Any CPU
		{02837138-1510-4132-BDF0-36DEB2EC4AFA}.Release|Any CPU.Build.0 = Release|Any CPU
	EndGlobalSection
	GlobalSection(NestedProjects) = preSolution
		{2F74DE9F-B0B8-4E9C-B26D-4BB3CD7D92D7} = {9072C3DB-9A40-47AD-9DA6-F4D8A3002A7A}
		{23C6DE1C-A717-457C-8E44-8A24348887FD} = {2F74DE9F-B0B8-4E9C-B26D-4BB3CD7D92D7}
		{61A94D57-DE6E-4ECD-A1F6-51FA3B49C5DA} = {2F74DE9F-B0B8-4E9C-B26D-4BB3CD7D92D7}
		{9C0AD975-6112-4A6E-9007-158A6D53E5D0} = {5994E3E8-D12B-490F-9064-2B685C205BDC}
		{A11F442E-52ED-4B68-B416-0AC95AF093BD} = {9C0AD975-6112-4A6E-9007-158A6D53E5D0}
		{44FCA88A-895E-421F-8118-1E56A6175CF4} = {9C0AD975-6112-4A6E-9007-158A6D53E5D0}
		{249DB17C-D7B7-5944-A621-A29FCCADF130} = {2F74DE9F-B0B8-4E9C-B26D-4BB3CD7D92D7}
	EndGlobalSection
EndGlobal
